
Microsoft Visual Studio Solution File, Format Version 12.00
# Visual Studio Version 16
VisualStudioVersion = 16.0.29215.179
MinimumVisualStudioVersion = 10.0.40219.1
Project("{FAE04EC0-301F-11D3-BF4B-00C04F79EFBC}") = "DocumentManagement", "DocumentManagement.csproj", "{6CEA2DEB-E346-44A6-929A-A705298FCEBB}"
EndProject
Global
	GlobalSection(SolutionConfigurationPlatforms) = preSolution
		Debug|Any CPU = Debug|Any CPU
		Release|Any CPU = Release|Any CPU
	EndGlobalSection
	GlobalSection(ProjectConfigurationPlatforms) = postSolution
		{6CEA2DEB-E346-44A6-929A-A705298FCEBB}.Debug|Any CPU.ActiveCfg = Debug|Any CPU
		{6CEA2DEB-E346-44A6-929A-A705298FCEBB}.Debug|Any CPU.Build.0 = Debug|Any CPU
		{6CEA2DEB-E346-44A6-929A-A705298FCEBB}.Release|Any CPU.ActiveCfg = Release|Any CPU
		{6CEA2DEB-E346-44A6-929A-A705298FCEBB}.Release|Any CPU.Build.0 = Release|Any CPU
	EndGlobalSection
	GlobalSection(SolutionProperties) = preSolution
		HideSolutionNode = FALSE
	EndGlobalSection
	GlobalSection(ExtensibilityGlobals) = postSolution
		SolutionGuid = {10AACF19-D40C-4B15-B6C8-7D0B04EFCEB8}
	EndGlobalSection
EndGlobal
